
Microsoft Visual Studio Solution File, Format Version 12.00
# Visual Studio 2012
Project("{FAE04EC0-301F-11D3-BF4B-00C04F79EFBC}") = "WpfApplicationRXPrototyping", "WpfApplicationRXPrototyping\WpfApplicationRXPrototyping.csproj", "{6298C8E2-AC78-46C8-9BC7-06FEFD083E61}"
EndProject
Global
	GlobalSection(SolutionConfigurationPlatforms) = preSolution
		Debug|Any CPU = Debug|Any CPU
		Release|Any CPU = Release|Any CPU
	EndGlobalSection
	GlobalSection(ProjectConfigurationPlatforms) = postSolution
		{6298C8E2-AC78-46C8-9BC7-06FEFD083E61}.Debug|Any CPU.ActiveCfg = Debug|Any CPU
		{6298C8E2-AC78-46C8-9BC7-06FEFD083E61}.Debug|Any CPU.Build.0 = Debug|Any CPU
		{6298C8E2-AC78-46C8-9BC7-06FEFD083E61}.Release|Any CPU.ActiveCfg = Release|Any CPU
		{6298C8E2-AC78-46C8-9BC7-06FEFD083E61}.Release|Any CPU.Build.0 = Release|Any CPU
	EndGlobalSection
	GlobalSection(SolutionProperties) = preSolution
		HideSolutionNode = FALSE
	EndGlobalSection
EndGlobal
