
Microsoft Visual Studio Solution File, Format Version 12.00
# Visual Studio 2013
VisualStudioVersion = 12.0.30723.0
MinimumVisualStudioVersion = 10.0.40219.1
Project("{F2A71F9B-5D33-465A-A702-920D77279786}") = "WordCounter", "WordCounter\WordCounter.fsproj", "{A7C2413C-3C4A-4293-809F-1553CA262ABD}"
EndProject
Global
	GlobalSection(SolutionConfigurationPlatforms) = preSolution
		Debug|Any CPU = Debug|Any CPU
		Release|Any CPU = Release|Any CPU
	EndGlobalSection
	GlobalSection(ProjectConfigurationPlatforms) = postSolution
		{A7C2413C-3C4A-4293-809F-1553CA262ABD}.Debug|Any CPU.ActiveCfg = Debug|Any CPU
		{A7C2413C-3C4A-4293-809F-1553CA262ABD}.Debug|Any CPU.Build.0 = Debug|Any CPU
		{A7C2413C-3C4A-4293-809F-1553CA262ABD}.Release|Any CPU.ActiveCfg = Release|Any CPU
		{A7C2413C-3C4A-4293-809F-1553CA262ABD}.Release|Any CPU.Build.0 = Release|Any CPU
	EndGlobalSection
	GlobalSection(SolutionProperties) = preSolution
		HideSolutionNode = FALSE
	EndGlobalSection
EndGlobal
